{
  "version": 4,
  "terraform_version": "1.15.7",
  "serial": 8,
  "lineage": "f4675a66-e1f8-5e79-f63d-c1d6910ff85b",
  "outputs": {
    "graphql_ip": {
      "value": "15.228.168.233",
      "type": "string"
    },
    "grpc_ip": {
      "value": "56.125.79.22",
      "type": "string"
    },
    "rest_ip": {
      "value": "54.20.76.197",
      "type": "string"
    },
    "ssh_examples": {
      "value": {
        "graphql": "ssh -i ./so2-bench-key.pem ubuntu@15.228.168.233",
        "grpc": "ssh -i ./so2-bench-key.pem ubuntu@56.125.79.22",
        "rest": "ssh -i ./so2-bench-key.pem ubuntu@54.20.76.197"
      },
      "type": [
        "object",
        {
          "graphql": "string",
          "grpc": "string",
          "rest": "string"
        }
      ]
    },
    "ssh_key_path": {
      "value": "./so2-bench-key.pem",
      "type": "string"
    }
  },
  "resources": [
    {
      "mode": "data",
      "type": "aws_ami",
      "name": "ubuntu",
      "provider": "provider[\"registry.terraform.io/hashicorp/aws\"]",
      "instances": [
        {
          "schema_version": 0,
          "attributes": {
            "architecture": "x86_64",
            "arn": "arn:aws:ec2:sa-east-1::image/ami-0ee3929896c3a5135",
            "block_device_mappings": [
              {
                "device_name": "/dev/sda1",
                "ebs": {
                  "delete_on_termination": "true",
                  "encrypted": "false",
                  "iops": "0",
                  "snapshot_id": "snap-0391e4f8ead14aae9",
                  "throughput": "0",
                  "volume_initialization_rate": "0",
                  "volume_size": "8",
                  "volume_type": "gp2"
                },
                "no_device": "",
                "virtual_name": ""
              },
              {
                "device_name": "/dev/sdb",
                "ebs": {},
                "no_device": "",
                "virtual_name": "ephemeral0"
              },
              {
                "device_name": "/dev/sdc",
                "ebs": {},
                "no_device": "",
                "virtual_name": "ephemeral1"
              }
            ],
            "boot_mode": "uefi-preferred",
            "creation_date": "2026-06-10T06:57:29.000Z",
            "deprecation_time": "2028-06-10T06:57:29.000Z",
            "description": "Canonical, Ubuntu, 22.04, amd64 jammy image",
            "ena_support": true,
            "executable_users": null,
            "filter": [
              {
                "name": "name",
                "values": [
                  "ubuntu/images/hvm-ssd/ubuntu-jammy-22.04-amd64-server-*"
                ]
              },
              {
                "name": "virtualization-type",
                "values": [
                  "hvm"
                ]
              }
            ],
            "hypervisor": "xen",
            "id": "ami-0ee3929896c3a5135",
            "image_id": "ami-0ee3929896c3a5135",
            "image_location": "amazon/ubuntu/images/hvm-ssd/ubuntu-jammy-22.04-amd64-server-20260610",
            "image_owner_alias": "amazon",
            "image_type": "machine",
            "imds_support": "",
            "include_deprecated": false,
            "kernel_id": "",
            "last_launched_time": "",
            "most_recent": true,
            "name": "ubuntu/images/hvm-ssd/ubuntu-jammy-22.04-amd64-server-20260610",
            "name_regex": null,
            "owner_id": "099720109477",
            "owners": [
              "099720109477"
            ],
            "platform": "",
            "platform_details": "Linux/UNIX",
            "product_codes": [],
            "public": true,
            "ramdisk_id": "",
            "root_device_name": "/dev/sda1",
            "root_device_type": "ebs",
            "root_snapshot_id": "snap-0391e4f8ead14aae9",
            "sriov_net_support": "simple",
            "state": "available",
            "state_reason": {
              "code": "UNSET",
              "message": "UNSET"
            },
            "tags": {},
            "timeouts": null,
            "tpm_support": "",
            "uefi_data": null,
            "usage_operation": "RunInstances",
            "virtualization_type": "hvm"
          },
          "sensitive_attributes": [],
          "identity_schema_version": 0
        }
      ]
    },
    {
      "mode": "managed",
      "type": "aws_instance",
      "name": "service",
      "provider": "provider[\"registry.terraform.io/hashicorp/aws\"]",
      "instances": [
        {
          "index_key": "graphql",
          "schema_version": 1,
          "attributes": {
            "ami": "ami-0ee3929896c3a5135",
            "arn": "arn:aws:ec2:sa-east-1:749497913281:instance/i-06ca3fcaf8efbb4dc",
            "associate_public_ip_address": true,
            "availability_zone": "sa-east-1b",
            "capacity_reservation_specification": [
              {
                "capacity_reservation_preference": "open",
                "capacity_reservation_target": []
              }
            ],
            "cpu_core_count": 1,
            "cpu_options": [
              {
                "amd_sev_snp": "",
                "core_count": 1,
                "threads_per_core": 2
              }
            ],
            "cpu_threads_per_core": 2,
            "credit_specification": [
              {
                "cpu_credits": "unlimited"
              }
            ],
            "disable_api_stop": false,
            "disable_api_termination": false,
            "ebs_block_device": [],
            "ebs_optimized": false,
            "enable_primary_ipv6": null,
            "enclave_options": [
              {
                "enabled": false
              }
            ],
            "ephemeral_block_device": [],
            "get_password_data": false,
            "hibernation": false,
            "host_id": "",
            "host_resource_group_arn": null,
            "iam_instance_profile": "",
            "id": "i-06ca3fcaf8efbb4dc",
            "instance_initiated_shutdown_behavior": "stop",
            "instance_lifecycle": "",
            "instance_market_options": [],
            "instance_state": "running",
            "instance_type": "t3.micro",
            "ipv6_address_count": 0,
            "ipv6_addresses": [],
            "key_name": "so2-bench-key",
            "launch_template": [],
            "maintenance_options": [
              {
                "auto_recovery": "default"
              }
            ],
            "metadata_options": [
              {
                "http_endpoint": "enabled",
                "http_protocol_ipv6": "disabled",
                "http_put_response_hop_limit": 1,
                "http_tokens": "optional",
                "instance_metadata_tags": "disabled"
              }
            ],
            "monitoring": false,
            "network_interface": [],
            "outpost_arn": "",
            "password_data": "",
            "placement_group": "",
            "placement_partition_number": 0,
            "primary_network_interface_id": "eni-074c624024561e853",
            "private_dns": "ip-172-31-23-16.sa-east-1.compute.internal",
            "private_dns_name_options": [
              {
                "enable_resource_name_dns_a_record": false,
                "enable_resource_name_dns_aaaa_record": false,
                "hostname_type": "ip-name"
              }
            ],
            "private_ip": "172.31.23.16",
            "public_dns": "ec2-15-228-168-233.sa-east-1.compute.amazonaws.com",
            "public_ip": "15.228.168.233",
            "root_block_device": [
              {
                "delete_on_termination": true,
                "device_name": "/dev/sda1",
                "encrypted": false,
                "iops": 100,
                "kms_key_id": "",
                "tags": {},
                "tags_all": {},
                "throughput": 0,
                "volume_id": "vol-0b3d1ac3fc7d03b45",
                "volume_size": 8,
                "volume_type": "gp2"
              }
            ],
            "secondary_private_ips": [],
            "security_groups": [
              "so2-bench-sg"
            ],
            "source_dest_check": true,
            "spot_instance_request_id": "",
            "subnet_id": "subnet-028a72c8b739993d1",
            "tags": {
              "Name": "so2-bench-graphql"
            },
            "tags_all": {
              "Name": "so2-bench-graphql"
            },
            "tenancy": "default",
            "timeouts": null,
            "user_data": "a4a7dc51aa98bb089123bebea35aac656b2305a1",
            "user_data_base64": null,
            "user_data_replace_on_change": false,
            "volume_tags": null,
            "vpc_security_group_ids": [
              "sg-01dcb428fdcf38ba2"
            ]
          },
          "sensitive_attributes": [],
          "identity_schema_version": 0,
          "private": "eyJlMmJmYjczMC1lY2FhLTExZTYtOGY4OC0zNDM2M2JjN2M0YzAiOnsiY3JlYXRlIjo2MDAwMDAwMDAwMDAsImRlbGV0ZSI6MTIwMDAwMDAwMDAwMCwicmVhZCI6OTAwMDAwMDAwMDAwLCJ1cGRhdGUiOjYwMDAwMDAwMDAwMH0sInNjaGVtYV92ZXJzaW9uIjoiMSJ9",
          "dependencies": [
            "aws_key_pair.bench",
            "aws_security_group.bench",
            "data.aws_ami.ubuntu",
            "tls_private_key.ssh"
          ]
        },
        {
          "index_key": "grpc",
          "schema_version": 1,
          "attributes": {
            "ami": "ami-0ee3929896c3a5135",
            "arn": "arn:aws:ec2:sa-east-1:749497913281:instance/i-0f9eb7778c22041ff",
            "associate_public_ip_address": true,
            "availability_zone": "sa-east-1b",
            "capacity_reservation_specification": [
              {
                "capacity_reservation_preference": "open",
                "capacity_reservation_target": []
              }
            ],
            "cpu_core_count": 1,
            "cpu_options": [
              {
                "amd_sev_snp": "",
                "core_count": 1,
                "threads_per_core": 2
              }
            ],
            "cpu_threads_per_core": 2,
            "credit_specification": [
              {
                "cpu_credits": "unlimited"
              }
            ],
            "disable_api_stop": false,
            "disable_api_termination": false,
            "ebs_block_device": [],
            "ebs_optimized": false,
            "enable_primary_ipv6": null,
            "enclave_options": [
              {
                "enabled": false
              }
            ],
            "ephemeral_block_device": [],
            "get_password_data": false,
            "hibernation": false,
            "host_id": "",
            "host_resource_group_arn": null,
            "iam_instance_profile": "",
            "id": "i-0f9eb7778c22041ff",
            "instance_initiated_shutdown_behavior": "stop",
            "instance_lifecycle": "",
            "instance_market_options": [],
            "instance_state": "running",
            "instance_type": "t3.micro",
            "ipv6_address_count": 0,
            "ipv6_addresses": [],
            "key_name": "so2-bench-key",
            "launch_template": [],
            "maintenance_options": [
              {
                "auto_recovery": "default"
              }
            ],
            "metadata_options": [
              {
                "http_endpoint": "enabled",
                "http_protocol_ipv6": "disabled",
                "http_put_response_hop_limit": 1,
                "http_tokens": "optional",
                "instance_metadata_tags": "disabled"
              }
            ],
            "monitoring": false,
            "network_interface": [],
            "outpost_arn": "",
            "password_data": "",
            "placement_group": "",
            "placement_partition_number": 0,
            "primary_network_interface_id": "eni-069be7bb9c3748141",
            "private_dns": "ip-172-31-30-111.sa-east-1.compute.internal",
            "private_dns_name_options": [
              {
                "enable_resource_name_dns_a_record": false,
                "enable_resource_name_dns_aaaa_record": false,
                "hostname_type": "ip-name"
              }
            ],
            "private_ip": "172.31.30.111",
            "public_dns": "ec2-56-125-79-22.sa-east-1.compute.amazonaws.com",
            "public_ip": "56.125.79.22",
            "root_block_device": [
              {
                "delete_on_termination": true,
                "device_name": "/dev/sda1",
                "encrypted": false,
                "iops": 100,
                "kms_key_id": "",
                "tags": {},
                "tags_all": {},
                "throughput": 0,
                "volume_id": "vol-02945c059114d22d8",
                "volume_size": 8,
                "volume_type": "gp2"
              }
            ],
            "secondary_private_ips": [],
            "security_groups": [
              "so2-bench-sg"
            ],
            "source_dest_check": true,
            "spot_instance_request_id": "",
            "subnet_id": "subnet-028a72c8b739993d1",
            "tags": {
              "Name": "so2-bench-grpc"
            },
            "tags_all": {
              "Name": "so2-bench-grpc"
            },
            "tenancy": "default",
            "timeouts": null,
            "user_data": "a4a7dc51aa98bb089123bebea35aac656b2305a1",
            "user_data_base64": null,
            "user_data_replace_on_change": false,
            "volume_tags": null,
            "vpc_security_group_ids": [
              "sg-01dcb428fdcf38ba2"
            ]
          },
          "sensitive_attributes": [],
          "identity_schema_version": 0,
          "private": "eyJlMmJmYjczMC1lY2FhLTExZTYtOGY4OC0zNDM2M2JjN2M0YzAiOnsiY3JlYXRlIjo2MDAwMDAwMDAwMDAsImRlbGV0ZSI6MTIwMDAwMDAwMDAwMCwicmVhZCI6OTAwMDAwMDAwMDAwLCJ1cGRhdGUiOjYwMDAwMDAwMDAwMH0sInNjaGVtYV92ZXJzaW9uIjoiMSJ9",
          "dependencies": [
            "aws_key_pair.bench",
            "aws_security_group.bench",
            "data.aws_ami.ubuntu",
            "tls_private_key.ssh"
          ]
        },
        {
          "index_key": "rest",
          "schema_version": 1,
          "attributes": {
            "ami": "ami-0ee3929896c3a5135",
            "arn": "arn:aws:ec2:sa-east-1:749497913281:instance/i-05d8b14f3026c7fe5",
            "associate_public_ip_address": true,
            "availability_zone": "sa-east-1b",
            "capacity_reservation_specification": [
              {
                "capacity_reservation_preference": "open",
                "capacity_reservation_target": []
              }
            ],
            "cpu_core_count": 1,
            "cpu_options": [
              {
                "amd_sev_snp": "",
                "core_count": 1,
                "threads_per_core": 2
              }
            ],
            "cpu_threads_per_core": 2,
            "credit_specification": [
              {
                "cpu_credits": "unlimited"
              }
            ],
            "disable_api_stop": false,
            "disable_api_termination": false,
            "ebs_block_device": [],
            "ebs_optimized": false,
            "enable_primary_ipv6": null,
            "enclave_options": [
              {
                "enabled": false
              }
            ],
            "ephemeral_block_device": [],
            "get_password_data": false,
            "hibernation": false,
            "host_id": "",
            "host_resource_group_arn": null,
            "iam_instance_profile": "",
            "id": "i-05d8b14f3026c7fe5",
            "instance_initiated_shutdown_behavior": "stop",
            "instance_lifecycle": "",
            "instance_market_options": [],
            "instance_state": "running",
            "instance_type": "t3.micro",
            "ipv6_address_count": 0,
            "ipv6_addresses": [],
            "key_name": "so2-bench-key",
            "launch_template": [],
            "maintenance_options": [
              {
                "auto_recovery": "default"
              }
            ],
            "metadata_options": [
              {
                "http_endpoint": "enabled",
                "http_protocol_ipv6": "disabled",
                "http_put_response_hop_limit": 1,
                "http_tokens": "optional",
                "instance_metadata_tags": "disabled"
              }
            ],
            "monitoring": false,
            "network_interface": [],
            "outpost_arn": "",
            "password_data": "",
            "placement_group": "",
            "placement_partition_number": 0,
            "primary_network_interface_id": "eni-0ffddce73f1870362",
            "private_dns": "ip-172-31-25-26.sa-east-1.compute.internal",
            "private_dns_name_options": [
              {
                "enable_resource_name_dns_a_record": false,
                "enable_resource_name_dns_aaaa_record": false,
                "hostname_type": "ip-name"
              }
            ],
            "private_ip": "172.31.25.26",
            "public_dns": "ec2-54-20-76-197.sa-east-1.compute.amazonaws.com",
            "public_ip": "54.20.76.197",
            "root_block_device": [
              {
                "delete_on_termination": true,
                "device_name": "/dev/sda1",
                "encrypted": false,
                "iops": 100,
                "kms_key_id": "",
                "tags": {},
                "tags_all": {},
                "throughput": 0,
                "volume_id": "vol-0cabf055b2941acde",
                "volume_size": 8,
                "volume_type": "gp2"
              }
            ],
            "secondary_private_ips": [],
            "security_groups": [
              "so2-bench-sg"
            ],
            "source_dest_check": true,
            "spot_instance_request_id": "",
            "subnet_id": "subnet-028a72c8b739993d1",
            "tags": {
              "Name": "so2-bench-rest"
            },
            "tags_all": {
              "Name": "so2-bench-rest"
            },
            "tenancy": "default",
            "timeouts": null,
            "user_data": "a4a7dc51aa98bb089123bebea35aac656b2305a1",
            "user_data_base64": null,
            "user_data_replace_on_change": false,
            "volume_tags": null,
            "vpc_security_group_ids": [
              "sg-01dcb428fdcf38ba2"
            ]
          },
          "sensitive_attributes": [],
          "identity_schema_version": 0,
          "private": "eyJlMmJmYjczMC1lY2FhLTExZTYtOGY4OC0zNDM2M2JjN2M0YzAiOnsiY3JlYXRlIjo2MDAwMDAwMDAwMDAsImRlbGV0ZSI6MTIwMDAwMDAwMDAwMCwicmVhZCI6OTAwMDAwMDAwMDAwLCJ1cGRhdGUiOjYwMDAwMDAwMDAwMH0sInNjaGVtYV92ZXJzaW9uIjoiMSJ9",
          "dependencies": [
            "aws_key_pair.bench",
            "aws_security_group.bench",
            "data.aws_ami.ubuntu",
            "tls_private_key.ssh"
          ]
        }
      ]
    },
    {
      "mode": "managed",
      "type": "aws_key_pair",
      "name": "bench",
      "provider": "provider[\"registry.terraform.io/hashicorp/aws\"]",
      "instances": [
        {
          "schema_version": 1,
          "attributes": {
            "arn": "arn:aws:ec2:sa-east-1:749497913281:key-pair/so2-bench-key",
            "fingerprint": "f8:3b:59:4c:d1:d9:27:86:41:32:41:81:08:d1:ad:fa",
            "id": "so2-bench-key",
            "key_name": "so2-bench-key",
            "key_name_prefix": "",
            "key_pair_id": "key-01ca7bbac71d34009",
            "key_type": "rsa",
            "public_key": "ssh-rsa AAAAB3NzaC1yc2EAAAADAQABAAACAQDOQrxBHTojA0Ak6Nl4yAMLSbkGQN++6LL9I4pv1ve0jEZ2YQJ9yrUvouvGYG+GCwH8IyEX7oOilml/OtMNXZ8WfzUViNx6IyKrEs3/ME1tnreCLjIs53jN5WaFcz/LAFdP8sSYbzwULPR1f72sdJXCAL10O2m2l0BWIPMIj4wD0KBBQ7thvnqBfynWgM2SfK/t0FsxLko3hOW4Gt+3L0Ms/76g0NBvFaNwXjZf2V4wK5DmvoSoOUahFXGyCH2nrrwCy+QXYeRv5sRtxlSpj1ClM/31qFASiVtQNgMKHdNlB6D6gJvKvCFJvfm4CEsJHmtByx+szFfsp89izwKJ3LphqTYbvseMVc4AHZd068pTfhPnFkisAbou/kuNDIpDZpj0ppsCBzJv8aEgEnfkF+Oa3LAnZth1ZgHfuGgw9nSMX2Tl2zPqvCV7ARtF5XaE+FwfRaDc7tw4ozlPJbDsQlhYVyugs6L6S47HmQ27Umxk14oPiWtwYkNmBVRMK8vEqLlPoj+4iF4kF5J5CZ3eDMzLX+K/aDbRJSnKB827TwO2XdYv41CBYi/F191mbJAmN4acBm+8mw8pBAqqLuhlgot8nCIL0cDpBGhjUPfl0nEIbinSFnc0KMvLcHmj4x4eer4U5NvENZop51O/HgIogSAnFcRmWrWs3wcoaJ0g+QZGjQ==",
            "tags": null,
            "tags_all": {}
          },
          "sensitive_attributes": [],
          "identity_schema_version": 0,
          "private": "eyJzY2hlbWFfdmVyc2lvbiI6IjEifQ==",
          "dependencies": [
            "tls_private_key.ssh"
          ]
        }
      ]
    },
    {
      "mode": "managed",
      "type": "aws_security_group",
      "name": "bench",
      "provider": "provider[\"registry.terraform.io/hashicorp/aws\"]",
      "instances": [
        {
          "schema_version": 1,
          "attributes": {
            "arn": "arn:aws:ec2:sa-east-1:749497913281:security-group/sg-01dcb428fdcf38ba2",
            "description": "Acceso para el benchmark REST/GraphQL/gRPC (Actividad Integradora SO2)",
            "egress": [
              {
                "cidr_blocks": [
                  "0.0.0.0/0"
                ],
                "description": "",
                "from_port": 0,
                "ipv6_cidr_blocks": [],
                "prefix_list_ids": [],
                "protocol": "-1",
                "security_groups": [],
                "self": false,
                "to_port": 0
              }
            ],
            "id": "sg-01dcb428fdcf38ba2",
            "ingress": [
              {
                "cidr_blocks": [
                  "201.179.18.171/32"
                ],
                "description": "GraphQL",
                "from_port": 4000,
                "ipv6_cidr_blocks": [],
                "prefix_list_ids": [],
                "protocol": "tcp",
                "security_groups": [],
                "self": false,
                "to_port": 4000
              },
              {
                "cidr_blocks": [
                  "201.179.18.171/32"
                ],
                "description": "REST",
                "from_port": 3000,
                "ipv6_cidr_blocks": [],
                "prefix_list_ids": [],
                "protocol": "tcp",
                "security_groups": [],
                "self": false,
                "to_port": 3000
              },
              {
                "cidr_blocks": [
                  "201.179.18.171/32"
                ],
                "description": "SSH",
                "from_port": 22,
                "ipv6_cidr_blocks": [],
                "prefix_list_ids": [],
                "protocol": "tcp",
                "security_groups": [],
                "self": false,
                "to_port": 22
              },
              {
                "cidr_blocks": [
                  "201.179.18.171/32"
                ],
                "description": "gRPC",
                "from_port": 50051,
                "ipv6_cidr_blocks": [],
                "prefix_list_ids": [],
                "protocol": "tcp",
                "security_groups": [],
                "self": false,
                "to_port": 50051
              },
              {
                "cidr_blocks": [
                  "201.179.18.171/32"
                ],
                "description": "stats-agent",
                "from_port": 9100,
                "ipv6_cidr_blocks": [],
                "prefix_list_ids": [],
                "protocol": "tcp",
                "security_groups": [],
                "self": false,
                "to_port": 9100
              }
            ],
            "name": "so2-bench-sg",
            "name_prefix": "",
            "owner_id": "749497913281",
            "revoke_rules_on_delete": false,
            "tags": {
              "Name": "so2-bench-sg"
            },
            "tags_all": {
              "Name": "so2-bench-sg"
            },
            "timeouts": null,
            "vpc_id": "vpc-0801a11291ec80c2b"
          },
          "sensitive_attributes": [],
          "identity_schema_version": 0,
          "private": "eyJlMmJmYjczMC1lY2FhLTExZTYtOGY4OC0zNDM2M2JjN2M0YzAiOnsiY3JlYXRlIjo2MDAwMDAwMDAwMDAsImRlbGV0ZSI6OTAwMDAwMDAwMDAwfSwic2NoZW1hX3ZlcnNpb24iOiIxIn0="
        }
      ]
    },
    {
      "mode": "managed",
      "type": "local_file",
      "name": "private_key",
      "provider": "provider[\"registry.terraform.io/hashicorp/local\"]",
      "instances": [
        {
          "schema_version": 0,
          "attributes": {
            "content": "-----BEGIN RSA PRIVATE KEY-----\nMIIJKQIBAAKCAgEAzkK8QR06IwNAJOjZeMgDC0m5BkDfvuiy/SOKb9b3tIxGdmEC\nfcq1L6LrxmBvhgsB/CMhF+6DopZpfzrTDV2fFn81FYjceiMiqxLN/zBNbZ63gi4y\nLOd4zeVmhXM/ywBXT/LEmG88FCz0dX+9rHSVwgC9dDtptpdAViDzCI+MA9CgQUO7\nYb56gX8p1oDNknyv7dBbMS5KN4TluBrfty9DLP++oNDQbxWjcF42X9leMCuQ5r6E\nqDlGoRVxsgh9p668AsvkF2Hkb+bEbcZUqY9QpTP99ahQEolbUDYDCh3TZQeg+oCb\nyrwhSb35uAhLCR5rQcsfrMxX7KfPYs8Cidy6Yak2G77HjFXOAB2XdOvKU34T5xZI\nrAG6Lv5LjQyKQ2aY9KabAgcyb/GhIBJ35BfjmtywJ2bYdWYB37hoMPZ0jF9k5dsz\n6rwlewEbReV2hPhcH0Wg3O7cOKM5TyWw7EJYWFcroLOi+kuOx5kNu1JsZNeKD4lr\ncGJDZgVUTCvLxKi5T6I/uIheJBeSeQmd3gzMy1/iv2g20SUpygfNu08Dtl3WL+NQ\ngWIvxdfdZmyQJjeGnAZvvJsPKQQKqi7oZYKLfJwiC9HA6QRoY1D35dJxCG4p0hZ3\nNCjLy3B5o+MeHnq+FOTbxDWaKedTvx4CKIEgJxXEZlq1rN8HKGidIPkGRo0CAwEA\nAQKCAgAN7f/cveaROsT4OSmGuKtL9dyjCXqS4BBGfEH7L59m+BpCIGcUq730y6H0\nscqWWOP3bT/s59TIBDR3vTdHrczyrgCdxbJuJTVQLGLxGwf/oTpvdkM5OSC1dwqn\ndJMYWJuM8K5KRSjfi/GuhcP/g5ghk/83fFO1Wx2jM3J2X4trLonEHpjnDwAjAr2G\nmQhJHlabTvj5p1Cn0zfYaSg2rOByh4sOPUv2VJXHHvW5H2r3Ado1WySGX+ffNR2K\nknw5+NkFr1NmKNxOml0ltME++kjN/2blUkqmFdSu5Bbsdfsy1YMPp+Pdmzr8SfI1\ndYnrwbwoo1kuSFafyu18lNJtERUdKFCgHMVDY1Q25T6s7g3UXWaG7+Kn7A+g8H7t\nj45nzoqWe8x4vfixrB6C1vhwC+liFJqU6KpgQyMw7Vs6SzkWb6Vbpl6HPtzekYxo\nxfF29ZEkAwlRmL0fkRMxi+ScHwArLz0cI5x4CBIESihjxgO1H9KV7wllqwwDZ+5y\nqoMAiHqteVqtK6mKAjWAhcSbMXEjNsHRXhKa6cAW49E6m7upu3v3WstXyeMVTIAT\n8RE/j/zEJa6SbMCgvdZFJsn5NGdgndBoXHZl8WfLD9/Kcv6knjKKzqwaFBpotVyL\nYzWI/MS3OB4UUTQadvZ96/tU8l77sUGwFsXQfVYwxaG5qxAzQQKCAQEA5r9A4Shr\nW46A4kYYfsskitcSNeuV7y2JZ9okJZHIPDY93bwgyNCAGm10RoZq7J3zx0cJbaM2\nePfN+BcALBHtPWjMtBvjV1/Dio+cD6H98KidbF7lD5fNlaLK5BQ6F2gjeR8btWlL\nAn7Q1fOvi/+SK7JEI3HmTv78kSOcr/tSgxVsQ/Gt6vW54EUPheZsf4mVeJcTL9Vg\nH46UhkUv/f7/XxiB0iw9trT8qXDJDAyueDMEz2gnqcSbQElTqHiqGiAdd/UG56nF\nhuBYOn9hyorC6r2d4f7bcoHePf4/nhvyW/a6T1i5Oy7A8wuTQzv3N2oMSeqIuNmS\npsnV35kaqUwG5QKCAQEA5NV03u4hDxfr4vaKxXK5O3xvoet/4NU8bWJeO02okrTJ\nnj6/UuP7XJICs87TfrXc4CjTwBp4VNYCcyZLI7ndNeTFiCOegc0nL5O+DxP7zqpG\n9Q9DhglJucqnA13/HhTALjK627euVCoz1MLxYGzfbFny3flEaQEs9NW59HzdS/nX\nVfeZHPZB+VOAOuN2Sro1GY6HUxq0NiJJSuzuDTbV0Le7U4BteZIzSLg+c/6hb7g5\nfPl2cSwov8N6jlpygfN30/NI4ku/5rMqOZaS6Hytk6qc8NxALRBi+Qg/JogAuP9X\n/aoeG10zVSqfKQRf7JfK9pKlCb7+Y8/EX+uoGizeiQKCAQEAl//WWjuI9OfbaLKq\nAiQJL1hbi59jxglmIT4mX4U3tMo6WK1Ln10RddcyKB71omauJlBaGpnQEUGTsWBd\nYapxb+lwJxjT2kOgCM9vCzE3mWdJRBECrRHfgDmbk0Drv21/KJNgalEw8zTcloOO\n2RcCj7w/fGXUQ6decrFVzussQGNFTUCPw14ZEm4LurW+NQlJqAVEw1a4mjEPD5/V\n7Ggkit0W737rLEbuxSMhnMlhyJY7DfFbZ062wlNLQ4gw7ULIhrOm18YS8zUniWlN\n3uEnYwCDV1LN9hEseAPanmlkbkYKFqioZB75RWEToc+Hmz5FWA+h/rp8C1ibhU5S\nrMEDLQKCAQBgMhNlO7mN/MJesMF5a1bO2OqcqMEjJMC4QufWCjlZIsK20S3gjJI4\nQfD84W8rDwyA9ui9EuOO1kBFY82mgRWq+DbJmh+h9ToJ2BPHhuEN6arWjcoW6ISj\no7s9wR/j51k6knzWrIqOOwd641BQ9rOdetqL0aOeeK4LZmU7j9n/fFG3g9RLxoHJ\na/61wrURiOGVksL0fn9PWm5xHtSbnXeYvAP1gEGFH56LbVhjrqDytAEGtl/CB4xB\nwM0eVotYcZ7n7Jew+aL8Okj/2Hp9XRwivVAoOI6J4x+YDI1vhzC2lDDLI95wJmfT\n34z00y/353+c09ypEi8iik7E++24wy/xAoIBAQDXWdr7eyJBLd6GHulBfzblIAIr\nkcJQzAxnSa2sKpt5zJLlRnFHvB7EHahlQN6TxsFqDgBQuhqdh1S0yDOweIXtFVoT\nbMhyjqN4HPPERwObmTGcVom21upmQxgPrAZsTOjtrQdnSSRtWPgAZrCo+gqBm3Ws\nFXLUSzm2eMHKxEZfytFL1RI8ROKj2tbdwONBsCoz2/PqCwl6XBj+i1WxOAwv1p91\nmELp9TTdMk46IWRygs5iOr5+4Kv45Wd5TTmSwlZAHNq50IoVZYFuIpcrLwhjwBlG\nHtb5iq7JI+r5Wa7uTv4lamLSjHeSccn00EfBcOz0eZ0xZtr7RuAoiSpyfaqd\n-----END RSA PRIVATE KEY-----\n",
            "content_base64": null,
            "content_base64sha256": "H4W1mxissx0E2xYIhM9IBEBb6RmsV0JfPSSUE7+9lC0=",
            "content_base64sha512": "WS14Ii6xHR8c9bs/1MLAkBvOX+s2r5aV2B5R7OykbkSM1iAeLbrW5dl2eEFxnq3SUZzNWkCIWGnmYMxcSzzPuw==",
            "content_md5": "ee6aded6576d7002cfd49bba731ca8b0",
            "content_sha1": "3f0326c17a789bd5f9807181b8fea219a2a4337f",
            "content_sha256": "1f85b59b18acb31d04db160884cf4804405be919ac57425f3d249413bfbd942d",
            "content_sha512": "592d78222eb11d1f1cf5bb3fd4c2c0901bce5feb36af9695d81e51ececa46e448cd6201e2dbad6e5d9767841719eadd2519ccd5a40885869e660cc5c4b3ccfbb",
            "directory_permission": "0777",
            "file_permission": "0400",
            "filename": "./so2-bench-key.pem",
            "id": "3f0326c17a789bd5f9807181b8fea219a2a4337f",
            "sensitive_content": null,
            "source": null
          },
          "sensitive_attributes": [
            [
              {
                "type": "get_attr",
                "value": "content"
              }
            ],
            [
              {
                "type": "get_attr",
                "value": "sensitive_content"
              }
            ]
          ],
          "identity_schema_version": 0,
          "dependencies": [
            "tls_private_key.ssh"
          ]
        }
      ]
    },
    {
      "mode": "managed",
      "type": "tls_private_key",
      "name": "ssh",
      "provider": "provider[\"registry.terraform.io/hashicorp/tls\"]",
      "instances": [
        {
          "schema_version": 1,
          "attributes": {
            "algorithm": "RSA",
            "ecdsa_curve": "P224",
            "id": "dd901bdf4893027aa3a00cd040a2b99a553030b1",
            "private_key_openssh": "-----BEGIN OPENSSH PRIVATE KEY-----\nb3BlbnNzaC1rZXktdjEAAAAABG5vbmUAAAAEbm9uZQAAAAAAAAABAAACFwAAAAdz\nc2gtcnNhAAAAAwEAAQAAAgEAzkK8QR06IwNAJOjZeMgDC0m5BkDfvuiy/SOKb9b3\ntIxGdmECfcq1L6LrxmBvhgsB/CMhF+6DopZpfzrTDV2fFn81FYjceiMiqxLN/zBN\nbZ63gi4yLOd4zeVmhXM/ywBXT/LEmG88FCz0dX+9rHSVwgC9dDtptpdAViDzCI+M\nA9CgQUO7Yb56gX8p1oDNknyv7dBbMS5KN4TluBrfty9DLP++oNDQbxWjcF42X9le\nMCuQ5r6EqDlGoRVxsgh9p668AsvkF2Hkb+bEbcZUqY9QpTP99ahQEolbUDYDCh3T\nZQeg+oCbyrwhSb35uAhLCR5rQcsfrMxX7KfPYs8Cidy6Yak2G77HjFXOAB2XdOvK\nU34T5xZIrAG6Lv5LjQyKQ2aY9KabAgcyb/GhIBJ35BfjmtywJ2bYdWYB37hoMPZ0\njF9k5dsz6rwlewEbReV2hPhcH0Wg3O7cOKM5TyWw7EJYWFcroLOi+kuOx5kNu1Js\nZNeKD4lrcGJDZgVUTCvLxKi5T6I/uIheJBeSeQmd3gzMy1/iv2g20SUpygfNu08D\ntl3WL+NQgWIvxdfdZmyQJjeGnAZvvJsPKQQKqi7oZYKLfJwiC9HA6QRoY1D35dJx\nCG4p0hZ3NCjLy3B5o+MeHnq+FOTbxDWaKedTvx4CKIEgJxXEZlq1rN8HKGidIPkG\nRo0AAAc47Zj1PO2Y9TwAAAAHc3NoLXJzYQAAAgEAzkK8QR06IwNAJOjZeMgDC0m5\nBkDfvuiy/SOKb9b3tIxGdmECfcq1L6LrxmBvhgsB/CMhF+6DopZpfzrTDV2fFn81\nFYjceiMiqxLN/zBNbZ63gi4yLOd4zeVmhXM/ywBXT/LEmG88FCz0dX+9rHSVwgC9\ndDtptpdAViDzCI+MA9CgQUO7Yb56gX8p1oDNknyv7dBbMS5KN4TluBrfty9DLP++\noNDQbxWjcF42X9leMCuQ5r6EqDlGoRVxsgh9p668AsvkF2Hkb+bEbcZUqY9QpTP9\n9ahQEolbUDYDCh3TZQeg+oCbyrwhSb35uAhLCR5rQcsfrMxX7KfPYs8Cidy6Yak2\nG77HjFXOAB2XdOvKU34T5xZIrAG6Lv5LjQyKQ2aY9KabAgcyb/GhIBJ35Bfjmtyw\nJ2bYdWYB37hoMPZ0jF9k5dsz6rwlewEbReV2hPhcH0Wg3O7cOKM5TyWw7EJYWFcr\noLOi+kuOx5kNu1JsZNeKD4lrcGJDZgVUTCvLxKi5T6I/uIheJBeSeQmd3gzMy1/i\nv2g20SUpygfNu08Dtl3WL+NQgWIvxdfdZmyQJjeGnAZvvJsPKQQKqi7oZYKLfJwi\nC9HA6QRoY1D35dJxCG4p0hZ3NCjLy3B5o+MeHnq+FOTbxDWaKedTvx4CKIEgJxXE\nZlq1rN8HKGidIPkGRo0AAAADAQABAAACAA3t/9y95pE6xPg5KYa4q0v13KMJepLg\nEEZ8Qfsvn2b4GkIgZxSrvfTLofSxypZY4/dtP+zn1MgENHe9N0etzPKuAJ3Fsm4l\nNVAsYvEbB/+hOm92Qzk5ILV3Cqd0kxhYm4zwrkpFKN+L8a6Fw/+DmCGT/zd8U7Vb\nHaMzcnZfi2suicQemOcPACMCvYaZCEkeVptO+PmnUKfTN9hpKDas4HKHiw49S/ZU\nlcce9bkfavcB2jVbJIZf5981HYqSfDn42QWvU2Yo3E6aXSW0wT76SM3/ZuVSSqYV\n1K7kFux1+zLVgw+n492bOvxJ8jV1ievBvCijWS5IVp/K7XyU0m0RFR0oUKAcxUNj\nVDblPqzuDdRdZobv4qfsD6Dwfu2PjmfOipZ7zHi9+LGsHoLW+HAL6WIUmpToqmBD\nIzDtWzpLORZvpVumXoc+3N6RjGjF8Xb1kSQDCVGYvR+REzGL5JwfACsvPRwjnHgI\nEgRKKGPGA7Uf0pXvCWWrDANn7nKqgwCIeq15Wq0rqYoCNYCFxJsxcSM2wdFeEprp\nwBbj0Tqbu6m7e/day1fJ4xVMgBPxET+P/MQlrpJswKC91kUmyfk0Z2Cd0GhcdmXx\nZ8sP38py/qSeMorOrBoUGmi1XItjNYj8xLc4HhRRNBp29n3r+1TyXvuxQbAWxdB9\nVjDFobmrEDNBAAABAQDXWdr7eyJBLd6GHulBfzblIAIrkcJQzAxnSa2sKpt5zJLl\nRnFHvB7EHahlQN6TxsFqDgBQuhqdh1S0yDOweIXtFVoTbMhyjqN4HPPERwObmTGc\nVom21upmQxgPrAZsTOjtrQdnSSRtWPgAZrCo+gqBm3WsFXLUSzm2eMHKxEZfytFL\n1RI8ROKj2tbdwONBsCoz2/PqCwl6XBj+i1WxOAwv1p91mELp9TTdMk46IWRygs5i\nOr5+4Kv45Wd5TTmSwlZAHNq50IoVZYFuIpcrLwhjwBlGHtb5iq7JI+r5Wa7uTv4l\namLSjHeSccn00EfBcOz0eZ0xZtr7RuAoiSpyfaqdAAABAQDmv0DhKGtbjoDiRhh+\nyySK1xI165XvLYln2iQlkcg8Nj3dvCDI0IAabXRGhmrsnfPHRwltozZ49834FwAs\nEe09aMy0G+NXX8OKj5wPof3wqJ1sXuUPl82VosrkFDoXaCN5Hxu1aUsCftDV86+L\n/5IrskQjceZO/vyRI5yv+1KDFWxD8a3q9bngRQ+F5mx/iZV4lxMv1WAfjpSGRS/9\n/v9fGIHSLD22tPypcMkMDK54MwTPaCepxJtASVOoeKoaIB139QbnqcWG4Fg6f2HK\nisLqvZ3h/ttygd49/j+eG/Jb9rpPWLk7LsDzC5NDO/c3agxJ6oi42ZKmydXfmRqp\nTAblAAABAQDk1XTe7iEPF+vi9orFcrk7fG+h63/g1TxtYl47TaiStMmePr9S4/tc\nkgKzztN+tdzgKNPAGnhU1gJzJksjud015MWII56BzScvk74PE/vOqkb1D0OGCUm5\nyqcDXf8eFMAuMrrbt65UKjPUwvFgbN9sWfLd+URpASz01bn0fN1L+ddV95kc9kH5\nU4A643ZKujUZjodTGrQ2IklK7O4NNtXQt7tTgG15kjNIuD5z/qFvuDl8+XZxLCi/\nw3qOWnKB83fT80jiS7/msyo5lpLofK2Tqpzw3EAtEGL5CD8miAC4/1f9qh4bXTNV\nKp8pBF/sl8r2kqUJvv5jz8Rf66gaLN6JAAAAAAEC\n-----END OPENSSH PRIVATE KEY-----\n",
            "private_key_pem": "-----BEGIN RSA PRIVATE KEY-----\nMIIJKQIBAAKCAgEAzkK8QR06IwNAJOjZeMgDC0m5BkDfvuiy/SOKb9b3tIxGdmEC\nfcq1L6LrxmBvhgsB/CMhF+6DopZpfzrTDV2fFn81FYjceiMiqxLN/zBNbZ63gi4y\nLOd4zeVmhXM/ywBXT/LEmG88FCz0dX+9rHSVwgC9dDtptpdAViDzCI+MA9CgQUO7\nYb56gX8p1oDNknyv7dBbMS5KN4TluBrfty9DLP++oNDQbxWjcF42X9leMCuQ5r6E\nqDlGoRVxsgh9p668AsvkF2Hkb+bEbcZUqY9QpTP99ahQEolbUDYDCh3TZQeg+oCb\nyrwhSb35uAhLCR5rQcsfrMxX7KfPYs8Cidy6Yak2G77HjFXOAB2XdOvKU34T5xZI\nrAG6Lv5LjQyKQ2aY9KabAgcyb/GhIBJ35BfjmtywJ2bYdWYB37hoMPZ0jF9k5dsz\n6rwlewEbReV2hPhcH0Wg3O7cOKM5TyWw7EJYWFcroLOi+kuOx5kNu1JsZNeKD4lr\ncGJDZgVUTCvLxKi5T6I/uIheJBeSeQmd3gzMy1/iv2g20SUpygfNu08Dtl3WL+NQ\ngWIvxdfdZmyQJjeGnAZvvJsPKQQKqi7oZYKLfJwiC9HA6QRoY1D35dJxCG4p0hZ3\nNCjLy3B5o+MeHnq+FOTbxDWaKedTvx4CKIEgJxXEZlq1rN8HKGidIPkGRo0CAwEA\nAQKCAgAN7f/cveaROsT4OSmGuKtL9dyjCXqS4BBGfEH7L59m+BpCIGcUq730y6H0\nscqWWOP3bT/s59TIBDR3vTdHrczyrgCdxbJuJTVQLGLxGwf/oTpvdkM5OSC1dwqn\ndJMYWJuM8K5KRSjfi/GuhcP/g5ghk/83fFO1Wx2jM3J2X4trLonEHpjnDwAjAr2G\nmQhJHlabTvj5p1Cn0zfYaSg2rOByh4sOPUv2VJXHHvW5H2r3Ado1WySGX+ffNR2K\nknw5+NkFr1NmKNxOml0ltME++kjN/2blUkqmFdSu5Bbsdfsy1YMPp+Pdmzr8SfI1\ndYnrwbwoo1kuSFafyu18lNJtERUdKFCgHMVDY1Q25T6s7g3UXWaG7+Kn7A+g8H7t\nj45nzoqWe8x4vfixrB6C1vhwC+liFJqU6KpgQyMw7Vs6SzkWb6Vbpl6HPtzekYxo\nxfF29ZEkAwlRmL0fkRMxi+ScHwArLz0cI5x4CBIESihjxgO1H9KV7wllqwwDZ+5y\nqoMAiHqteVqtK6mKAjWAhcSbMXEjNsHRXhKa6cAW49E6m7upu3v3WstXyeMVTIAT\n8RE/j/zEJa6SbMCgvdZFJsn5NGdgndBoXHZl8WfLD9/Kcv6knjKKzqwaFBpotVyL\nYzWI/MS3OB4UUTQadvZ96/tU8l77sUGwFsXQfVYwxaG5qxAzQQKCAQEA5r9A4Shr\nW46A4kYYfsskitcSNeuV7y2JZ9okJZHIPDY93bwgyNCAGm10RoZq7J3zx0cJbaM2\nePfN+BcALBHtPWjMtBvjV1/Dio+cD6H98KidbF7lD5fNlaLK5BQ6F2gjeR8btWlL\nAn7Q1fOvi/+SK7JEI3HmTv78kSOcr/tSgxVsQ/Gt6vW54EUPheZsf4mVeJcTL9Vg\nH46UhkUv/f7/XxiB0iw9trT8qXDJDAyueDMEz2gnqcSbQElTqHiqGiAdd/UG56nF\nhuBYOn9hyorC6r2d4f7bcoHePf4/nhvyW/a6T1i5Oy7A8wuTQzv3N2oMSeqIuNmS\npsnV35kaqUwG5QKCAQEA5NV03u4hDxfr4vaKxXK5O3xvoet/4NU8bWJeO02okrTJ\nnj6/UuP7XJICs87TfrXc4CjTwBp4VNYCcyZLI7ndNeTFiCOegc0nL5O+DxP7zqpG\n9Q9DhglJucqnA13/HhTALjK627euVCoz1MLxYGzfbFny3flEaQEs9NW59HzdS/nX\nVfeZHPZB+VOAOuN2Sro1GY6HUxq0NiJJSuzuDTbV0Le7U4BteZIzSLg+c/6hb7g5\nfPl2cSwov8N6jlpygfN30/NI4ku/5rMqOZaS6Hytk6qc8NxALRBi+Qg/JogAuP9X\n/aoeG10zVSqfKQRf7JfK9pKlCb7+Y8/EX+uoGizeiQKCAQEAl//WWjuI9OfbaLKq\nAiQJL1hbi59jxglmIT4mX4U3tMo6WK1Ln10RddcyKB71omauJlBaGpnQEUGTsWBd\nYapxb+lwJxjT2kOgCM9vCzE3mWdJRBECrRHfgDmbk0Drv21/KJNgalEw8zTcloOO\n2RcCj7w/fGXUQ6decrFVzussQGNFTUCPw14ZEm4LurW+NQlJqAVEw1a4mjEPD5/V\n7Ggkit0W737rLEbuxSMhnMlhyJY7DfFbZ062wlNLQ4gw7ULIhrOm18YS8zUniWlN\n3uEnYwCDV1LN9hEseAPanmlkbkYKFqioZB75RWEToc+Hmz5FWA+h/rp8C1ibhU5S\nrMEDLQKCAQBgMhNlO7mN/MJesMF5a1bO2OqcqMEjJMC4QufWCjlZIsK20S3gjJI4\nQfD84W8rDwyA9ui9EuOO1kBFY82mgRWq+DbJmh+h9ToJ2BPHhuEN6arWjcoW6ISj\no7s9wR/j51k6knzWrIqOOwd641BQ9rOdetqL0aOeeK4LZmU7j9n/fFG3g9RLxoHJ\na/61wrURiOGVksL0fn9PWm5xHtSbnXeYvAP1gEGFH56LbVhjrqDytAEGtl/CB4xB\nwM0eVotYcZ7n7Jew+aL8Okj/2Hp9XRwivVAoOI6J4x+YDI1vhzC2lDDLI95wJmfT\n34z00y/353+c09ypEi8iik7E++24wy/xAoIBAQDXWdr7eyJBLd6GHulBfzblIAIr\nkcJQzAxnSa2sKpt5zJLlRnFHvB7EHahlQN6TxsFqDgBQuhqdh1S0yDOweIXtFVoT\nbMhyjqN4HPPERwObmTGcVom21upmQxgPrAZsTOjtrQdnSSRtWPgAZrCo+gqBm3Ws\nFXLUSzm2eMHKxEZfytFL1RI8ROKj2tbdwONBsCoz2/PqCwl6XBj+i1WxOAwv1p91\nmELp9TTdMk46IWRygs5iOr5+4Kv45Wd5TTmSwlZAHNq50IoVZYFuIpcrLwhjwBlG\nHtb5iq7JI+r5Wa7uTv4lamLSjHeSccn00EfBcOz0eZ0xZtr7RuAoiSpyfaqd\n-----END RSA PRIVATE KEY-----\n",
            "private_key_pem_pkcs8": "-----BEGIN PRIVATE KEY-----\nMIIJQwIBADANBgkqhkiG9w0BAQEFAASCCS0wggkpAgEAAoICAQDOQrxBHTojA0Ak\n6Nl4yAMLSbkGQN++6LL9I4pv1ve0jEZ2YQJ9yrUvouvGYG+GCwH8IyEX7oOilml/\nOtMNXZ8WfzUViNx6IyKrEs3/ME1tnreCLjIs53jN5WaFcz/LAFdP8sSYbzwULPR1\nf72sdJXCAL10O2m2l0BWIPMIj4wD0KBBQ7thvnqBfynWgM2SfK/t0FsxLko3hOW4\nGt+3L0Ms/76g0NBvFaNwXjZf2V4wK5DmvoSoOUahFXGyCH2nrrwCy+QXYeRv5sRt\nxlSpj1ClM/31qFASiVtQNgMKHdNlB6D6gJvKvCFJvfm4CEsJHmtByx+szFfsp89i\nzwKJ3LphqTYbvseMVc4AHZd068pTfhPnFkisAbou/kuNDIpDZpj0ppsCBzJv8aEg\nEnfkF+Oa3LAnZth1ZgHfuGgw9nSMX2Tl2zPqvCV7ARtF5XaE+FwfRaDc7tw4ozlP\nJbDsQlhYVyugs6L6S47HmQ27Umxk14oPiWtwYkNmBVRMK8vEqLlPoj+4iF4kF5J5\nCZ3eDMzLX+K/aDbRJSnKB827TwO2XdYv41CBYi/F191mbJAmN4acBm+8mw8pBAqq\nLuhlgot8nCIL0cDpBGhjUPfl0nEIbinSFnc0KMvLcHmj4x4eer4U5NvENZop51O/\nHgIogSAnFcRmWrWs3wcoaJ0g+QZGjQIDAQABAoICAA3t/9y95pE6xPg5KYa4q0v1\n3KMJepLgEEZ8Qfsvn2b4GkIgZxSrvfTLofSxypZY4/dtP+zn1MgENHe9N0etzPKu\nAJ3Fsm4lNVAsYvEbB/+hOm92Qzk5ILV3Cqd0kxhYm4zwrkpFKN+L8a6Fw/+DmCGT\n/zd8U7VbHaMzcnZfi2suicQemOcPACMCvYaZCEkeVptO+PmnUKfTN9hpKDas4HKH\niw49S/ZUlcce9bkfavcB2jVbJIZf5981HYqSfDn42QWvU2Yo3E6aXSW0wT76SM3/\nZuVSSqYV1K7kFux1+zLVgw+n492bOvxJ8jV1ievBvCijWS5IVp/K7XyU0m0RFR0o\nUKAcxUNjVDblPqzuDdRdZobv4qfsD6Dwfu2PjmfOipZ7zHi9+LGsHoLW+HAL6WIU\nmpToqmBDIzDtWzpLORZvpVumXoc+3N6RjGjF8Xb1kSQDCVGYvR+REzGL5JwfACsv\nPRwjnHgIEgRKKGPGA7Uf0pXvCWWrDANn7nKqgwCIeq15Wq0rqYoCNYCFxJsxcSM2\nwdFeEprpwBbj0Tqbu6m7e/day1fJ4xVMgBPxET+P/MQlrpJswKC91kUmyfk0Z2Cd\n0GhcdmXxZ8sP38py/qSeMorOrBoUGmi1XItjNYj8xLc4HhRRNBp29n3r+1TyXvux\nQbAWxdB9VjDFobmrEDNBAoIBAQDmv0DhKGtbjoDiRhh+yySK1xI165XvLYln2iQl\nkcg8Nj3dvCDI0IAabXRGhmrsnfPHRwltozZ49834FwAsEe09aMy0G+NXX8OKj5wP\nof3wqJ1sXuUPl82VosrkFDoXaCN5Hxu1aUsCftDV86+L/5IrskQjceZO/vyRI5yv\n+1KDFWxD8a3q9bngRQ+F5mx/iZV4lxMv1WAfjpSGRS/9/v9fGIHSLD22tPypcMkM\nDK54MwTPaCepxJtASVOoeKoaIB139QbnqcWG4Fg6f2HKisLqvZ3h/ttygd49/j+e\nG/Jb9rpPWLk7LsDzC5NDO/c3agxJ6oi42ZKmydXfmRqpTAblAoIBAQDk1XTe7iEP\nF+vi9orFcrk7fG+h63/g1TxtYl47TaiStMmePr9S4/tckgKzztN+tdzgKNPAGnhU\n1gJzJksjud015MWII56BzScvk74PE/vOqkb1D0OGCUm5yqcDXf8eFMAuMrrbt65U\nKjPUwvFgbN9sWfLd+URpASz01bn0fN1L+ddV95kc9kH5U4A643ZKujUZjodTGrQ2\nIklK7O4NNtXQt7tTgG15kjNIuD5z/qFvuDl8+XZxLCi/w3qOWnKB83fT80jiS7/m\nsyo5lpLofK2Tqpzw3EAtEGL5CD8miAC4/1f9qh4bXTNVKp8pBF/sl8r2kqUJvv5j\nz8Rf66gaLN6JAoIBAQCX/9ZaO4j059tosqoCJAkvWFuLn2PGCWYhPiZfhTe0yjpY\nrUufXRF11zIoHvWiZq4mUFoamdARQZOxYF1hqnFv6XAnGNPaQ6AIz28LMTeZZ0lE\nEQKtEd+AOZuTQOu/bX8ok2BqUTDzNNyWg47ZFwKPvD98ZdRDp15ysVXO6yxAY0VN\nQI/DXhkSbgu6tb41CUmoBUTDVriaMQ8Pn9XsaCSK3RbvfussRu7FIyGcyWHIljsN\n8VtnTrbCU0tDiDDtQsiGs6bXxhLzNSeJaU3e4SdjAINXUs32ESx4A9qeaWRuRgoW\nqKhkHvlFYROhz4ebPkVYD6H+unwLWJuFTlKswQMtAoIBAGAyE2U7uY38wl6wwXlr\nVs7Y6pyowSMkwLhC59YKOVkiwrbRLeCMkjhB8PzhbysPDID26L0S447WQEVjzaaB\nFar4NsmaH6H1OgnYE8eG4Q3pqtaNyhbohKOjuz3BH+PnWTqSfNasio47B3rjUFD2\ns5162ovRo554rgtmZTuP2f98UbeD1EvGgclr/rXCtRGI4ZWSwvR+f09abnEe1Jud\nd5i8A/WAQYUfnottWGOuoPK0AQa2X8IHjEHAzR5Wi1hxnufsl7D5ovw6SP/Yen1d\nHCK9UCg4jonjH5gMjW+HMLaUMMsj3nAmZ9PfjPTTL/fnf5zT3KkSLyKKTsT77bjD\nL/ECggEBANdZ2vt7IkEt3oYe6UF/NuUgAiuRwlDMDGdJrawqm3nMkuVGcUe8HsQd\nqGVA3pPGwWoOAFC6Gp2HVLTIM7B4he0VWhNsyHKOo3gc88RHA5uZMZxWibbW6mZD\nGA+sBmxM6O2tB2dJJG1Y+ABmsKj6CoGbdawVctRLObZ4wcrERl/K0UvVEjxE4qPa\n1t3A40GwKjPb8+oLCXpcGP6LVbE4DC/Wn3WYQun1NN0yTjohZHKCzmI6vn7gq/jl\nZ3lNOZLCVkAc2rnQihVlgW4ilysvCGPAGUYe1vmKrskj6vlZru5O/iVqYtKMd5Jx\nyfTQR8Fw7PR5nTFm2vtG4CiJKnJ9qp0=\n-----END PRIVATE KEY-----\n",
            "public_key_fingerprint_md5": "70:6b:83:92:ee:bc:de:f9:4a:d9:6b:15:d0:bc:01:68",
            "public_key_fingerprint_sha256": "SHA256:L2rNSWhRghS0qlscVEV8N9I67lmH9ibhtjXm8lS74oc",
            "public_key_openssh": "ssh-rsa AAAAB3NzaC1yc2EAAAADAQABAAACAQDOQrxBHTojA0Ak6Nl4yAMLSbkGQN++6LL9I4pv1ve0jEZ2YQJ9yrUvouvGYG+GCwH8IyEX7oOilml/OtMNXZ8WfzUViNx6IyKrEs3/ME1tnreCLjIs53jN5WaFcz/LAFdP8sSYbzwULPR1f72sdJXCAL10O2m2l0BWIPMIj4wD0KBBQ7thvnqBfynWgM2SfK/t0FsxLko3hOW4Gt+3L0Ms/76g0NBvFaNwXjZf2V4wK5DmvoSoOUahFXGyCH2nrrwCy+QXYeRv5sRtxlSpj1ClM/31qFASiVtQNgMKHdNlB6D6gJvKvCFJvfm4CEsJHmtByx+szFfsp89izwKJ3LphqTYbvseMVc4AHZd068pTfhPnFkisAbou/kuNDIpDZpj0ppsCBzJv8aEgEnfkF+Oa3LAnZth1ZgHfuGgw9nSMX2Tl2zPqvCV7ARtF5XaE+FwfRaDc7tw4ozlPJbDsQlhYVyugs6L6S47HmQ27Umxk14oPiWtwYkNmBVRMK8vEqLlPoj+4iF4kF5J5CZ3eDMzLX+K/aDbRJSnKB827TwO2XdYv41CBYi/F191mbJAmN4acBm+8mw8pBAqqLuhlgot8nCIL0cDpBGhjUPfl0nEIbinSFnc0KMvLcHmj4x4eer4U5NvENZop51O/HgIogSAnFcRmWrWs3wcoaJ0g+QZGjQ==\n",
            "public_key_pem": "-----BEGIN PUBLIC KEY-----\nMIICIjANBgkqhkiG9w0BAQEFAAOCAg8AMIICCgKCAgEAzkK8QR06IwNAJOjZeMgD\nC0m5BkDfvuiy/SOKb9b3tIxGdmECfcq1L6LrxmBvhgsB/CMhF+6DopZpfzrTDV2f\nFn81FYjceiMiqxLN/zBNbZ63gi4yLOd4zeVmhXM/ywBXT/LEmG88FCz0dX+9rHSV\nwgC9dDtptpdAViDzCI+MA9CgQUO7Yb56gX8p1oDNknyv7dBbMS5KN4TluBrfty9D\nLP++oNDQbxWjcF42X9leMCuQ5r6EqDlGoRVxsgh9p668AsvkF2Hkb+bEbcZUqY9Q\npTP99ahQEolbUDYDCh3TZQeg+oCbyrwhSb35uAhLCR5rQcsfrMxX7KfPYs8Cidy6\nYak2G77HjFXOAB2XdOvKU34T5xZIrAG6Lv5LjQyKQ2aY9KabAgcyb/GhIBJ35Bfj\nmtywJ2bYdWYB37hoMPZ0jF9k5dsz6rwlewEbReV2hPhcH0Wg3O7cOKM5TyWw7EJY\nWFcroLOi+kuOx5kNu1JsZNeKD4lrcGJDZgVUTCvLxKi5T6I/uIheJBeSeQmd3gzM\ny1/iv2g20SUpygfNu08Dtl3WL+NQgWIvxdfdZmyQJjeGnAZvvJsPKQQKqi7oZYKL\nfJwiC9HA6QRoY1D35dJxCG4p0hZ3NCjLy3B5o+MeHnq+FOTbxDWaKedTvx4CKIEg\nJxXEZlq1rN8HKGidIPkGRo0CAwEAAQ==\n-----END PUBLIC KEY-----\n",
            "rsa_bits": 4096
          },
          "sensitive_attributes": [
            [
              {
                "type": "get_attr",
                "value": "private_key_openssh"
              }
            ],
            [
              {
                "type": "get_attr",
                "value": "private_key_pem"
              }
            ],
            [
              {
                "type": "get_attr",
                "value": "private_key_pem_pkcs8"
              }
            ]
          ],
          "identity_schema_version": 0
        }
      ]
    }
  ],
  "check_results": null
}
